
Microsoft Visual Studio Solution File, Format Version 12.00
# Visual Studio 15
VisualStudioVersion = 15.0.26430.12
MinimumVisualStudioVersion = 10.0.40219.1
Project("{FAE04EC0-301F-11D3-BF4B-00C04F79EFBC}") = "Diplom2017", "Diplom2017\Diplom2017.csproj", "{595154C4-AFDB-4E77-87D9-D4B9FC6DBF0D}"
EndProject
Global
	GlobalSection(SolutionConfigurationPlatforms) = preSolution
		Debug|Any CPU = Debug|Any CPU
		Release|Any CPU = Release|Any CPU
	EndGlobalSection
	GlobalSection(ProjectConfigurationPlatforms) = postSolution
		{595154C4-AFDB-4E77-87D9-D4B9FC6DBF0D}.Debug|Any CPU.ActiveCfg = Debug|Any CPU
		{595154C4-AFDB-4E77-87D9-D4B9FC6DBF0D}.Debug|Any CPU.Build.0 = Debug|Any CPU
		{595154C4-AFDB-4E77-87D9-D4B9FC6DBF0D}.Release|Any CPU.ActiveCfg = Release|Any CPU
		{595154C4-AFDB-4E77-87D9-D4B9FC6DBF0D}.Release|Any CPU.Build.0 = Release|Any CPU
	EndGlobalSection
	GlobalSection(SolutionProperties) = preSolution
		HideSolutionNode = FALSE
	EndGlobalSection
EndGlobal
