
Microsoft Visual Studio Solution File, Format Version 12.00
# Visual Studio 15
VisualStudioVersion = 15.0.27130.2036
MinimumVisualStudioVersion = 10.0.40219.1
Project("{FAE04EC0-301F-11D3-BF4B-00C04F79EFBC}") = "Diplom2017", "Diplom2017\Diplom2017.csproj", "{595154C4-AFDB-4E77-87D9-D4B9FC6DBF0D}"
EndProject
Project("{00D1A9C2-B5F0-4AF3-8072-F6C62B433612}") = "PublicDatabase", "PublicDatabase\PublicDatabase.sqlproj", "{A248BBD2-C05C-4570-A62B-09EFE184F828}"
EndProject
Global
	GlobalSection(SolutionConfigurationPlatforms) = preSolution
		Debug|Any CPU = Debug|Any CPU
		Release|Any CPU = Release|Any CPU
	EndGlobalSection
	GlobalSection(ProjectConfigurationPlatforms) = postSolution
		{595154C4-AFDB-4E77-87D9-D4B9FC6DBF0D}.Debug|Any CPU.ActiveCfg = Debug|Any CPU
		{595154C4-AFDB-4E77-87D9-D4B9FC6DBF0D}.Debug|Any CPU.Build.0 = Debug|Any CPU
		{595154C4-AFDB-4E77-87D9-D4B9FC6DBF0D}.Release|Any CPU.ActiveCfg = Release|Any CPU
		{595154C4-AFDB-4E77-87D9-D4B9FC6DBF0D}.Release|Any CPU.Build.0 = Release|Any CPU
		{A248BBD2-C05C-4570-A62B-09EFE184F828}.Debug|Any CPU.ActiveCfg = Debug|Any CPU
		{A248BBD2-C05C-4570-A62B-09EFE184F828}.Debug|Any CPU.Build.0 = Debug|Any CPU
		{A248BBD2-C05C-4570-A62B-09EFE184F828}.Debug|Any CPU.Deploy.0 = Debug|Any CPU
		{A248BBD2-C05C-4570-A62B-09EFE184F828}.Release|Any CPU.ActiveCfg = Release|Any CPU
		{A248BBD2-C05C-4570-A62B-09EFE184F828}.Release|Any CPU.Build.0 = Release|Any CPU
		{A248BBD2-C05C-4570-A62B-09EFE184F828}.Release|Any CPU.Deploy.0 = Release|Any CPU
	EndGlobalSection
	GlobalSection(SolutionProperties) = preSolution
		HideSolutionNode = FALSE
	EndGlobalSection
	GlobalSection(ExtensibilityGlobals) = postSolution
		SolutionGuid = {3B3C428F-B71F-442D-B8B7-06FADC15C7DB}
	EndGlobalSection
EndGlobal
